
Microsoft Visual Studio Solution File, Format Version 12.00
# Visual Studio Version 17
VisualStudioVersion = 17.0.31903.59
MinimumVisualStudioVersion = 10.0.40219.1
Project("{FAE04EC0-301F-11D3-BF4B-00C04F79EFBC}") = "SlideBuilder.Api", "SlideBuilder.Api\SlideBuilder.Api.csproj", "{73397206-F119-4B98-B26B-D6EB44C65DBC}"
EndProject
Project("{FAE04EC0-301F-11D3-BF4B-00C04F79EFBC}") = "SlideBuilder.Core", "SlideBuilder.Core\SlideBuilder.Core.csproj", "{1A65A324-0DC1-4716-BDFF-14E7E8EE8253}"
EndProject
Project("{FAE04EC0-301F-11D3-BF4B-00C04F79EFBC}") = "SlideBuilder.Infrastructure", "SlideBuilder.Infrastructure\SlideBuilder.Infrastructure.csproj", "{C5EE6C48-FEEB-40E9-8E80-E29E0F7A7AEB}"
EndProject
Project("{FAE04EC0-301F-11D3-BF4B-00C04F79EFBC}") = "SlideBuilder.Tests", "..\tests\SlideBuilder.Tests\SlideBuilder.Tests.csproj", "{490E980E-12DF-4C5B-B43D-6341C7244829}"
EndProject
Global
	GlobalSection(SolutionConfigurationPlatforms) = preSolution
		Debug|Any CPU = Debug|Any CPU
		Debug|x64 = Debug|x64
		Debug|x86 = Debug|x86
		Release|Any CPU = Release|Any CPU
		Release|x64 = Release|x64
		Release|x86 = Release|x86
	EndGlobalSection
	GlobalSection(ProjectConfigurationPlatforms) = postSolution
		{73397206-F119-4B98-B26B-D6EB44C65DBC}.Debug|Any CPU.ActiveCfg = Debug|Any CPU
		{73397206-F119-4B98-B26B-D6EB44C65DBC}.Debug|Any CPU.Build.0 = Debug|Any CPU
		{73397206-F119-4B98-B26B-D6EB44C65DBC}.Debug|x64.ActiveCfg = Debug|Any CPU
		{73397206-F119-4B98-B26B-D6EB44C65DBC}.Debug|x64.Build.0 = Debug|Any CPU
		{73397206-F119-4B98-B26B-D6EB44C65DBC}.Debug|x86.ActiveCfg = Debug|Any CPU
		{73397206-F119-4B98-B26B-D6EB44C65DBC}.Debug|x86.Build.0 = Debug|Any CPU
		{73397206-F119-4B98-B26B-D6EB44C65DBC}.Release|Any CPU.ActiveCfg = Release|Any CPU
		{73397206-F119-4B98-B26B-D6EB44C65DBC}.Release|Any CPU.Build.0 = Release|Any CPU
		{73397206-F119-4B98-B26B-D6EB44C65DBC}.Release|x64.ActiveCfg = Release|Any CPU
		{73397206-F119-4B98-B26B-D6EB44C65DBC}.Release|x64.Build.0 = Release|Any CPU
		{73397206-F119-4B98-B26B-D6EB44C65DBC}.Release|x86.ActiveCfg = Release|Any CPU
		{73397206-F119-4B98-B26B-D6EB44C65DBC}.Release|x86.Build.0 = Release|Any CPU
		{1A65A324-0DC1-4716-BDFF-14E7E8EE8253}.Debug|Any CPU.ActiveCfg = Debug|Any CPU
		{1A65A324-0DC1-4716-BDFF-14E7E8EE8253}.Debug|Any CPU.Build.0 = Debug|Any CPU
		{1A65A324-0DC1-4716-BDFF-14E7E8EE8253}.Debug|x64.ActiveCfg = Debug|Any CPU
		{1A65A324-0DC1-4716-BDFF-14E7E8EE8253}.Debug|x64.Build.0 = Debug|Any CPU
		{1A65A324-0DC1-4716-BDFF-14E7E8EE8253}.Debug|x86.ActiveCfg = Debug|Any CPU
		{1A65A324-0DC1-4716-BDFF-14E7E8EE8253}.Debug|x86.Build.0 = Debug|Any CPU
		{1A65A324-0DC1-4716-BDFF-14E7E8EE8253}.Release|Any CPU.ActiveCfg = Release|Any CPU
		{1A65A324-0DC1-4716-BDFF-14E7E8EE8253}.Release|Any CPU.Build.0 = Release|Any CPU
		{1A65A324-0DC1-4716-BDFF-14E7E8EE8253}.Release|x64.ActiveCfg = Release|Any CPU
		{1A65A324-0DC1-4716-BDFF-14E7E8EE8253}.Release|x64.Build.0 = Release|Any CPU
		{1A65A324-0DC1-4716-BDFF-14E7E8EE8253}.Release|x86.ActiveCfg = Release|Any CPU
		{1A65A324-0DC1-4716-BDFF-14E7E8EE8253}.Release|x86.Build.0 = Release|Any CPU
		{C5EE6C48-FEEB-40E9-8E80-E29E0F7A7AEB}.Debug|Any CPU.ActiveCfg = Debug|Any CPU
		{C5EE6C48-FEEB-40E9-8E80-E29E0F7A7AEB}.Debug|Any CPU.Build.0 = Debug|Any CPU
		{C5EE6C48-FEEB-40E9-8E80-E29E0F7A7AEB}.Debug|x64.ActiveCfg = Debug|Any CPU
		{C5EE6C48-FEEB-40E9-8E80-E29E0F7A7AEB}.Debug|x64.Build.0 = Debug|Any CPU
		{C5EE6C48-FEEB-40E9-8E80-E29E0F7A7AEB}.Debug|x86.ActiveCfg = Debug|Any CPU
		{C5EE6C48-FEEB-40E9-8E80-E29E0F7A7AEB}.Debug|x86.Build.0 = Debug|Any CPU
		{C5EE6C48-FEEB-40E9-8E80-E29E0F7A7AEB}.Release|Any CPU.ActiveCfg = Release|Any CPU
		{C5EE6C48-FEEB-40E9-8E80-E29E0F7A7AEB}.Release|Any CPU.Build.0 = Release|Any CPU
		{C5EE6C48-FEEB-40E9-8E80-E29E0F7A7AEB}.Release|x64.ActiveCfg = Release|Any CPU
		{C5EE6C48-FEEB-40E9-8E80-E29E0F7A7AEB}.Release|x64.Build.0 = Release|Any CPU
		{C5EE6C48-FEEB-40E9-8E80-E29E0F7A7AEB}.Release|x86.ActiveCfg = Release|Any CPU
		{C5EE6C48-FEEB-40E9-8E80-E29E0F7A7AEB}.Release|x86.Build.0 = Release|Any CPU
		{490E980E-12DF-4C5B-B43D-6341C7244829}.Debug|Any CPU.ActiveCfg = Debug|Any CPU
		{490E980E-12DF-4C5B-B43D-6341C7244829}.Debug|Any CPU.Build.0 = Debug|Any CPU
		{490E980E-12DF-4C5B-B43D-6341C7244829}.Debug|x64.ActiveCfg = Debug|Any CPU
		{490E980E-12DF-4C5B-B43D-6341C7244829}.Debug|x64.Build.0 = Debug|Any CPU
		{490E980E-12DF-4C5B-B43D-6341C7244829}.Debug|x86.ActiveCfg = Debug|Any CPU
		{490E980E-12DF-4C5B-B43D-6341C7244829}.Debug|x86.Build.0 = Debug|Any CPU
		{490E980E-12DF-4C5B-B43D-6341C7244829}.Release|Any CPU.ActiveCfg = Release|Any CPU
		{490E980E-12DF-4C5B-B43D-6341C7244829}.Release|Any CPU.Build.0 = Release|Any CPU
		{490E980E-12DF-4C5B-B43D-6341C7244829}.Release|x64.ActiveCfg = Release|Any CPU
		{490E980E-12DF-4C5B-B43D-6341C7244829}.Release|x64.Build.0 = Release|Any CPU
		{490E980E-12DF-4C5B-B43D-6341C7244829}.Release|x86.ActiveCfg = Release|Any CPU
		{490E980E-12DF-4C5B-B43D-6341C7244829}.Release|x86.Build.0 = Release|Any CPU
	EndGlobalSection
	GlobalSection(SolutionProperties) = preSolution
		HideSolutionNode = FALSE
	EndGlobalSection
EndGlobal
